// !$*UTF8*$!
{
	archiveVersion = 1;
	classes = {
	};
	objectVersion = 46;
	objects = {

/* Begin PBXBuildFile section */
		FA9346561D2FF5BE007C790D /* main.m in Sources */ = {isa = PBXBuildFile; fileRef = FA9346551D2FF5BE007C790D /* main.m */; };
		FA9346591D2FF5BE007C790D /* AppDelegate.m in Sources */ = {isa = PBXBuildFile; fileRef = FA9346581D2FF5BE007C790D /* AppDelegate.m */; };
		FA9346611D2FF5BE007C790D /* Assets.xcassets in Resources */ = {isa = PBXBuildFile; fileRef = FA9346601D2FF5BE007C790D /* Assets.xcassets */; };
		FA9346641D2FF5BE007C790D /* LaunchScreen.storyboard in Resources */ = {isa = PBXBuildFile; fileRef = FA9346621D2FF5BE007C790D /* LaunchScreen.storyboard */; };
		FA93466D1D2FF7A2007C790D /* GDMainViewController.m in Sources */ = {isa = PBXBuildFile; fileRef = FA93466C1D2FF7A2007C790D /* GDMainViewController.m */; };
/* End PBXBuildFile section */

/* Begin PBXFileReference section */
		FA9346511D2FF5BE007C790D /* UIExample.app */ = {isa = PBXFileReference; explicitFileType = wrapper.application; includeInIndex = 0; path = UIExample.app; sourceTree = BUILT_PRODUCTS_DIR; };
		FA9346551D2FF5BE007C790D /* main.m */ = {isa = PBXFileReference; lastKnownFileType = sourcecode.c.objc; path = main.m; sourceTree = "<group>"; };
		FA9346571D2FF5BE007C790D /* AppDelegate.h */ = {isa = PBXFileReference; lastKnownFileType = sourcecode.c.h; path = AppDelegate.h; sourceTree = "<group>"; };
		FA9346581D2FF5BE007C790D /* AppDelegate.m */ = {isa = PBXFileReference; lastKnownFileType = sourcecode.c.objc; path = AppDelegate.m; sourceTree = "<group>"; };
		FA9346601D2FF5BE007C790D /* Assets.xcassets */ = {isa = PBXFileReference; lastKnownFileType = folder.assetcatalog; path = Assets.xcassets; sourceTree = "<group>"; };
		FA9346631D2FF5BE007C790D /* Base */ = {isa = PBXFileReference; lastKnownFileType = file.storyboard; name = Base; path = Base.lproj/LaunchScreen.storyboard; sourceTree = "<group>"; };
		FA9346651D2FF5BE007C790D /* Info.plist */ = {isa = PBXFileReference; lastKnownFileType = text.plist.xml; path = Info.plist; sourceTree = "<group>"; };
		FA93466B1D2FF7A2007C790D /* GDMainViewController.h */ = {isa = PBXFileReference; fileEncoding = 4; lastKnownFileType = sourcecode.c.h; path = GDMainViewController.h; sourceTree = "<group>"; };
		FA93466C1D2FF7A2007C790D /* GDMainViewController.m */ = {isa = PBXFileReference; fileEncoding = 4; lastKnownFileType = sourcecode.c.objc; path = GDMainViewController.m; sourceTree = "<group>"; };
/* End PBXFileReference section */

/* Begin PBXFrameworksBuildPhase section */
		FA93464E1D2FF5BE007C790D /* Frameworks */ = {
			isa = PBXFrameworksBuildPhase;
			buildActionMask = 2147483647;
			files = (
			);
			runOnlyForDeploymentPostprocessing = 0;
		};
/* End PBXFrameworksBuildPhase section */

/* Begin PBXGroup section */
		FA9346481D2FF5BE007C790D = {
			isa = PBXGroup;
			children = (
				FA9346531D2FF5BE007C790D /* UIExample */,
				FA9346521D2FF5BE007C790D /* Products */,
			);
			sourceTree = "<group>";
		};
		FA9346521D2FF5BE007C790D /* Products */ = {
			isa = PBXGroup;
			children = (
				FA9346511D2FF5BE007C790D /* UIExample.app */,
			);
			name = Products;
			sourceTree = "<group>";
		};
		FA9346531D2FF5BE007C790D /* UIExample */ = {
			isa = PBXGroup;
			children = (
				FA9346571D2FF5BE007C790D /* AppDelegate.h */,
				FA9346581D2FF5BE007C790D /* AppDelegate.m */,
				FA93466B1D2FF7A2007C790D /* GDMainViewController.h */,
				FA93466C1D2FF7A2007C790D /* GDMainViewController.m */,
				FA9346601D2FF5BE007C790D /* Assets.xcassets */,
				FA9346621D2FF5BE007C790D /* LaunchScreen.storyboard */,
				FA9346651D2FF5BE007C790D /* Info.plist */,
				FA9346541D2FF5BE007C790D /* Supporting Files */,
			);
			path = UIExample;
			sourceTree = "<group>";
		};
		FA9346541D2FF5BE007C790D /* Supporting Files */ = {
			isa = PBXGroup;
			children = (
				FA9346551D2FF5BE007C790D /* main.m */,
			);
			name = "Supporting Files";
			sourceTree = "<group>";
		};
/* End PBXGroup section */

/* Begin PBXNativeTarget section */
		FA9346501D2FF5BE007C790D /* UIExample */ = {
			isa = PBXNativeTarget;
			buildConfigurationList = FA9346681D2FF5BE007C790D /* Build configuration list for PBXNativeTarget "UIExample" */;
			buildPhases = (
				FA93464D1D2FF5BE007C790D /* Sources */,
				FA93464E1D2FF5BE007C790D /* Frameworks */,
				FA93464F1D2FF5BE007C790D /* Resources */,
			);
			buildRules = (
			);
			dependencies = (
			);
			name = UIExample;
			productName = UIExample;
			productReference = FA9346511D2FF5BE007C790D /* UIExample.app */;
			productType = "com.apple.product-type.application";
		};
/* End PBXNativeTarget section */

/* Begin PBXProject section */
		FA9346491D2FF5BE007C790D /* Project object */ = {
			isa = PBXProject;
			attributes = {
				LastUpgradeCheck = 0730;
				ORGANIZATIONNAME = Alex;
				TargetAttributes = {
					FA9346501D2FF5BE007C790D = {
						CreatedOnToolsVersion = 7.3.1;
					};
				};
			};
			buildConfigurationList = FA93464C1D2FF5BE007C790D /* Build configuration list for PBXProject "UIExample" */;
			compatibilityVersion = "Xcode 3.2";
			developmentRegion = English;
			hasScannedForEncodings = 0;
			knownRegions = (
				en,
				Base,
			);
			mainGroup = FA9346481D2FF5BE007C790D;
			productRefGroup = FA9346521D2FF5BE007C790D /* Products */;
			projectDirPath = "";
			projectRoot = "";
			targets = (
				FA9346501D2FF5BE007C790D /* UIExample */,
			);
		};
/* End PBXProject section */

/* Begin PBXResourcesBuildPhase section */
		FA93464F1D2FF5BE007C790D /* Resources */ = {
			isa = PBXResourcesBuildPhase;
			buildActionMask = 2147483647;
			files = (
				FA9346641D2FF5BE007C790D /* LaunchScreen.storyboard in Resources */,
				FA9346611D2FF5BE007C790D /* Assets.xcassets in Resources */,
			);
			runOnlyForDeploymentPostprocessing = 0;
		};
/* End PBXResourcesBuildPhase section */

/* Begin PBXSourcesBuildPhase section */
		FA93464D1D2FF5BE007C790D /* Sources */ = {
			isa = PBXSourcesBuildPhase;
			buildActionMask = 2147483647;
			files = (
				FA93466D1D2FF7A2007C790D /* GDMainViewController.m in Sources */,
				FA9346591D2FF5BE007C790D /* AppDelegate.m in Sources */,
				FA9346561D2FF5BE007C790D /* main.m in Sources */,
			);
			runOnlyForDeploymentPostprocessing = 0;
		};
/* End PBXSourcesBuildPhase section */

/* Begin PBXVariantGroup section */
		FA9346621D2FF5BE007C790D /* LaunchScreen.storyboard */ = {
			isa = PBXVariantGroup;
			children = (
				FA9346631D2FF5BE007C790D /* Base */,
			);
			name = LaunchScreen.storyboard;
			sourceTree = "<group>";
		};
/* End PBXVariantGroup section */

/* Begin XCBuildConfiguration section */
		FA9346661D2FF5BE007C790D /* Debug */ = {
			isa = XCBuildConfiguration;
			buildSettings = {
				ALWAYS_SEARCH_USER_PATHS = NO;
				CLANG_ANALYZER_NONNULL = YES;
				CLANG_CXX_LANGUAGE_STANDARD = "gnu++0x";
				CLANG_CXX_LIBRARY = "libc++";
				CLANG_ENABLE_MODULES = YES;
				CLANG_ENABLE_OBJC_ARC = YES;
				CLANG_WARN_BOOL_CONVERSION = YES;
				CLANG_WARN_CONSTANT_CONVERSION = YES;
				CLANG_WARN_DIRECT_OBJC_ISA_USAGE = YES_ERROR;
				CLANG_WARN_EMPTY_BODY = YES;
				CLANG_WARN_ENUM_CONVERSION = YES;
				CLANG_WARN_INT_CONVERSION = YES;
				CLANG_WARN_OBJC_ROOT_CLASS = YES_ERROR;
				CLANG_WARN_UNREACHABLE_CODE = YES;
				CLANG_WARN__DUPLICATE_METHOD_MATCH = YES;
				"CODE_SIGN_IDENTITY[sdk=iphoneos*]" = "iPhone Developer";
				COPY_PHASE_STRIP = NO;
				DEBUG_INFORMATION_FORMAT = dwarf;
				ENABLE_STRICT_OBJC_MSGSEND = YES;
				ENABLE_TESTABILITY = YES;
				GCC_C_LANGUAGE_STANDARD = gnu99;
				GCC_DYNAMIC_NO_PIC = NO;
				GCC_NO_COMMON_BLOCKS = YES;
				GCC_OPTIMIZATION_LEVEL = 0;
				GCC_PREPROCESSOR_DEFINITIONS = (
					"DEBUG=1",
					"$(inherited)",
				);
				GCC_WARN_64_TO_32_BIT_CONVERSION = YES;
				GCC_WARN_ABOUT_RETURN_TYPE = YES_ERROR;
				GCC_WARN_UNDECLARED_SELECTOR = YES;
				GCC_WARN_UNINITIALIZED_AUTOS = YES_AGGRESSIVE;
				GCC_WARN_UNUSED_FUNCTION = YES;
				GCC_WARN_UNUSED_VARIABLE = YES;
				IPHONEOS_DEPLOYMENT_TARGET = 9.3;
				MTL_ENABLE_DEBUG_INFO = YES;
				ONLY_ACTIVE_ARCH = YES;
				SDKROOT = iphoneos;
				TARGETED_DEVICE_FAMILY = "1,2";
			};
			name = Debug;
		};
		FA9346671D2FF5BE007C790D /* Release */ = {
			isa = XCBuildConfiguration;
			buildSettings = {
				ALWAYS_SEARCH_USER_PATHS = NO;
				CLANG_ANALYZER_NONNULL = YES;
				CLANG_CXX_LANGUAGE_STANDARD = "gnu++0x";
				CLANG_CXX_LIBRARY = "libc++";
				CLANG_ENABLE_MODULES = YES;
				CLANG_ENABLE_OBJC_ARC = YES;
				CLANG_WARN_BOOL_CONVERSION = YES;
				CLANG_WARN_CONSTANT_CONVERSION = YES;
				CLANG_WARN_DIRECT_OBJC_ISA_USAGE = YES_ERROR;
				CLANG_WARN_EMPTY_BODY = YES;
				CLANG_WARN_ENUM_CONVERSION = YES;
				CLANG_WARN_INT_CONVERSION = YES;
				CLANG_WARN_OBJC_ROOT_CLASS = YES_ERROR;
				CLANG_WARN_UNREACHABLE_CODE = YES;
				CLANG_WARN__DUPLICATE_METHOD_MATCH = YES;
				"CODE_SIGN_IDENTITY[sdk=iphoneos*]" = "iPhone Developer";
				COPY_PHASE_STRIP = NO;
				DEBUG_INFORMATION_FORMAT = "dwarf-with-dsym";
				ENABLE_NS_ASSERTIONS = NO;
				ENABLE_STRICT_OBJC_MSGSEND = YES;
				GCC_C_LANGUAGE_STANDARD = gnu99;
				GCC_NO_COMMON_BLOCKS = YES;
				GCC_WARN_64_TO_32_BIT_CONVERSION = YES;
				GCC_WARN_ABOUT_RETURN_TYPE = YES_ERROR;
				GCC_WARN_UNDECLARED_SELECTOR = YES;
				GCC_WARN_UNINITIALIZED_AUTOS = YES_AGGRESSIVE;
				GCC_WARN_UNUSED_FUNCTION = YES;
				GCC_WARN_UNUSED_VARIABLE = YES;
				IPHONEOS_DEPLOYMENT_TARGET = 9.3;
				MTL_ENABLE_DEBUG_INFO = NO;
				SDKROOT = iphoneos;
				TARGETED_DEVICE_FAMILY = "1,2";
				VALIDATE_PRODUCT = YES;
			};
			name = Release;
		};
		FA9346691D2FF5BE007C790D /* Debug */ = {
			isa = XCBuildConfiguration;
			buildSettings = {
				ASSETCATALOG_COMPILER_APPICON_NAME = AppIcon;
				INFOPLIST_FILE = UIExample/Info.plist;
				LD_RUNPATH_SEARCH_PATHS = "$(inherited) @executable_path/Frameworks";
				PRODUCT_BUNDLE_IDENTIFIER = Alex.UIExample;
				PRODUCT_NAME = "$(TARGET_NAME)";
			};
			name = Debug;
		};
		FA93466A1D2FF5BE007C790D /* Release */ = {
			isa = XCBuildConfiguration;
			buildSettings = {
				ASSETCATALOG_COMPILER_APPICON_NAME = AppIcon;
				INFOPLIST_FILE = UIExample/Info.plist;
				LD_RUNPATH_SEARCH_PATHS = "$(inherited) @executable_path/Frameworks";
				PRODUCT_BUNDLE_IDENTIFIER = Alex.UIExample;
				PRODUCT_NAME = "$(TARGET_NAME)";
			};
			name = Release;
		};
/* End XCBuildConfiguration section */

/* Begin XCConfigurationList section */
		FA93464C1D2FF5BE007C790D /* Build configuration list for PBXProject "UIExample" */ = {
			isa = XCConfigurationList;
			buildConfigurations = (
				FA9346661D2FF5BE007C790D /* Debug */,
				FA9346671D2FF5BE007C790D /* Release */,
			);
			defaultConfigurationIsVisible = 0;
			defaultConfigurationName = Release;
		};
		FA9346681D2FF5BE007C790D /* Build configuration list for PBXNativeTarget "UIExample" */ = {
			isa = XCConfigurationList;
			buildConfigurations = (
				FA9346691D2FF5BE007C790D /* Debug */,
				FA93466A1D2FF5BE007C790D /* Release */,
			);
			defaultConfigurationIsVisible = 0;
		};
/* End XCConfigurationList section */
	};
	rootObject = FA9346491D2FF5BE007C790D /* Project object */;
}
